
Microsoft Visual Studio Solution File, Format Version 12.00
# Visual Studio Version 17
VisualStudioVersion = 17.0.31912.275
MinimumVisualStudioVersion = 10.0.40219.1
Project("{8BC9CEB8-8B4A-11D0-8D11-00A0C91BC942}") = "연습문제(10.14)", "연습문제(10.14).vcxproj", "{F2650506-FECA-4D83-95D5-D095D92FA0E1}"
EndProject
Global
	GlobalSection(SolutionConfigurationPlatforms) = preSolution
		Debug|x64 = Debug|x64
		Debug|x86 = Debug|x86
		Release|x64 = Release|x64
		Release|x86 = Release|x86
	EndGlobalSection
	GlobalSection(ProjectConfigurationPlatforms) = postSolution
		{F2650506-FECA-4D83-95D5-D095D92FA0E1}.Debug|x64.ActiveCfg = Debug|x64
		{F2650506-FECA-4D83-95D5-D095D92FA0E1}.Debug|x64.Build.0 = Debug|x64
		{F2650506-FECA-4D83-95D5-D095D92FA0E1}.Debug|x86.ActiveCfg = Debug|Win32
		{F2650506-FECA-4D83-95D5-D095D92FA0E1}.Debug|x86.Build.0 = Debug|Win32
		{F2650506-FECA-4D83-95D5-D095D92FA0E1}.Release|x64.ActiveCfg = Release|x64
		{F2650506-FECA-4D83-95D5-D095D92FA0E1}.Release|x64.Build.0 = Release|x64
		{F2650506-FECA-4D83-95D5-D095D92FA0E1}.Release|x86.ActiveCfg = Release|Win32
		{F2650506-FECA-4D83-95D5-D095D92FA0E1}.Release|x86.Build.0 = Release|Win32
	EndGlobalSection
	GlobalSection(SolutionProperties) = preSolution
		HideSolutionNode = FALSE
	EndGlobalSection
	GlobalSection(ExtensibilityGlobals) = postSolution
		SolutionGuid = {0224D0FE-F205-4EBE-98DD-DA4E0BC4271B}
	EndGlobalSection
EndGlobal
